
Microsoft Visual Studio Solution File, Format Version 12.00
# Visual Studio 2012
Project("{FAE04EC0-301F-11D3-BF4B-00C04F79EFBC}") = "Refactored.UmbracoViewCounter", "Source\Refactored.UmbracoViewCounter.csproj", "{CC63E065-01C0-4CDA-8F13-61C9C046FB95}"
EndProject
Global
	GlobalSection(SolutionConfigurationPlatforms) = preSolution
		Debug|Any CPU = Debug|Any CPU
		Release|Any CPU = Release|Any CPU
	EndGlobalSection
	GlobalSection(ProjectConfigurationPlatforms) = postSolution
		{CC63E065-01C0-4CDA-8F13-61C9C046FB95}.Debug|Any CPU.ActiveCfg = Debug|Any CPU
		{CC63E065-01C0-4CDA-8F13-61C9C046FB95}.Debug|Any CPU.Build.0 = Debug|Any CPU
		{CC63E065-01C0-4CDA-8F13-61C9C046FB95}.Release|Any CPU.ActiveCfg = Release|Any CPU
		{CC63E065-01C0-4CDA-8F13-61C9C046FB95}.Release|Any CPU.Build.0 = Release|Any CPU
	EndGlobalSection
	GlobalSection(SolutionProperties) = preSolution
		HideSolutionNode = FALSE
	EndGlobalSection
EndGlobal
